
Microsoft Visual Studio Solution File, Format Version 12.00
# Visual Studio 15
VisualStudioVersion = 15.0.28307.421
MinimumVisualStudioVersion = 10.0.40219.1
Project("{FAE04EC0-301F-11D3-BF4B-00C04F79EFBC}") = "calk_oop", "calk_oop\calk_oop.csproj", "{129EC770-5236-47DD-BE0B-7ED7845ABD05}"
EndProject
Global
	GlobalSection(SolutionConfigurationPlatforms) = preSolution
		Debug|Any CPU = Debug|Any CPU
		Release|Any CPU = Release|Any CPU
	EndGlobalSection
	GlobalSection(ProjectConfigurationPlatforms) = postSolution
		{129EC770-5236-47DD-BE0B-7ED7845ABD05}.Debug|Any CPU.ActiveCfg = Debug|Any CPU
		{129EC770-5236-47DD-BE0B-7ED7845ABD05}.Debug|Any CPU.Build.0 = Debug|Any CPU
		{129EC770-5236-47DD-BE0B-7ED7845ABD05}.Release|Any CPU.ActiveCfg = Release|Any CPU
		{129EC770-5236-47DD-BE0B-7ED7845ABD05}.Release|Any CPU.Build.0 = Release|Any CPU
	EndGlobalSection
	GlobalSection(SolutionProperties) = preSolution
		HideSolutionNode = FALSE
	EndGlobalSection
	GlobalSection(ExtensibilityGlobals) = postSolution
		SolutionGuid = {17EBC7E3-F274-46AC-BBAD-8143A322AFD3}
	EndGlobalSection
EndGlobal
